
Microsoft Visual Studio Solution File, Format Version 12.00
# Visual Studio Version 17
VisualStudioVersion = 17.7.34202.233
MinimumVisualStudioVersion = 10.0.40219.1
Project("{FAE04EC0-301F-11D3-BF4B-00C04F79EFBC}") = "WindowsFormsApp1", "WindowsFormsApp1\WindowsFormsApp1.csproj", "{FEAE07ED-14E1-47C9-89FA-9BF37B1686F1}"
EndProject
Global
	GlobalSection(SolutionConfigurationPlatforms) = preSolution
		Debug|Any CPU = Debug|Any CPU
		Release|Any CPU = Release|Any CPU
	EndGlobalSection
	GlobalSection(ProjectConfigurationPlatforms) = postSolution
		{FEAE07ED-14E1-47C9-89FA-9BF37B1686F1}.Debug|Any CPU.ActiveCfg = Debug|Any CPU
		{FEAE07ED-14E1-47C9-89FA-9BF37B1686F1}.Debug|Any CPU.Build.0 = Debug|Any CPU
		{FEAE07ED-14E1-47C9-89FA-9BF37B1686F1}.Release|Any CPU.ActiveCfg = Release|Any CPU
		{FEAE07ED-14E1-47C9-89FA-9BF37B1686F1}.Release|Any CPU.Build.0 = Release|Any CPU
	EndGlobalSection
	GlobalSection(SolutionProperties) = preSolution
		HideSolutionNode = FALSE
	EndGlobalSection
	GlobalSection(ExtensibilityGlobals) = postSolution
		SolutionGuid = {5B121283-4CD2-4539-98FA-DB968E7AFD66}
	EndGlobalSection
EndGlobal
